
Microsoft Visual Studio Solution File, Format Version 12.00
# Visual Studio Version 16
VisualStudioVersion = 16.0.30804.86
MinimumVisualStudioVersion = 10.0.40219.1
Project("{FAE04EC0-301F-11D3-BF4B-00C04F79EFBC}") = "MeatMeisterAPI", "MeatMeisterAPI\MeatMeisterAPI.csproj", "{D200DEE4-FB23-499E-8DC2-F20DF1BA15A8}"
EndProject
Global
	GlobalSection(SolutionConfigurationPlatforms) = preSolution
		Debug|Any CPU = Debug|Any CPU
		Release|Any CPU = Release|Any CPU
	EndGlobalSection
	GlobalSection(ProjectConfigurationPlatforms) = postSolution
		{D200DEE4-FB23-499E-8DC2-F20DF1BA15A8}.Debug|Any CPU.ActiveCfg = Debug|Any CPU
		{D200DEE4-FB23-499E-8DC2-F20DF1BA15A8}.Debug|Any CPU.Build.0 = Debug|Any CPU
		{D200DEE4-FB23-499E-8DC2-F20DF1BA15A8}.Release|Any CPU.ActiveCfg = Release|Any CPU
		{D200DEE4-FB23-499E-8DC2-F20DF1BA15A8}.Release|Any CPU.Build.0 = Release|Any CPU
	EndGlobalSection
	GlobalSection(SolutionProperties) = preSolution
		HideSolutionNode = FALSE
	EndGlobalSection
	GlobalSection(ExtensibilityGlobals) = postSolution
		SolutionGuid = {6DE9577A-8BC3-410F-A834-F8F0639FF4FC}
	EndGlobalSection
EndGlobal
